
Microsoft Visual Studio Solution File, Format Version 12.00
# Visual Studio Version 17
VisualStudioVersion = 17.7.34202.233
MinimumVisualStudioVersion = 10.0.40219.1
Project("{9A19103F-16F7-4668-BE54-9A1E7A4F7556}") = "DA_Music_Admin", "DA_Music_Admin\DA_Music_Admin.csproj", "{25B4A4EA-C22D-445C-B39A-D44CA11A2E40}"
EndProject
Project("{9A19103F-16F7-4668-BE54-9A1E7A4F7556}") = "Services", "Services\Services.csproj", "{C5A41C37-6746-4874-8CA2-30C5E49DFB8D}"
EndProject
Project("{9A19103F-16F7-4668-BE54-9A1E7A4F7556}") = "StartUpHelperWPF", "StartUpHelperWPF\StartUpHelperWPF.csproj", "{1835342B-6777-4AD3-A673-092BA3528D00}"
EndProject
Project("{9A19103F-16F7-4668-BE54-9A1E7A4F7556}") = "CustomControls", "CustomControls\CustomControls.csproj", "{7AB2B35A-4437-455B-8E58-2F359343E636}"
EndProject
Project("{9A19103F-16F7-4668-BE54-9A1E7A4F7556}") = "UploadService", "UploadService\UploadService.csproj", "{692DDBF8-6CB4-4C72-9090-C130ACB3D14F}"
EndProject
Global
	GlobalSection(SolutionConfigurationPlatforms) = preSolution
		Debug|Any CPU = Debug|Any CPU
		Release|Any CPU = Release|Any CPU
	EndGlobalSection
	GlobalSection(ProjectConfigurationPlatforms) = postSolution
		{25B4A4EA-C22D-445C-B39A-D44CA11A2E40}.Debug|Any CPU.ActiveCfg = Debug|Any CPU
		{25B4A4EA-C22D-445C-B39A-D44CA11A2E40}.Debug|Any CPU.Build.0 = Debug|Any CPU
		{25B4A4EA-C22D-445C-B39A-D44CA11A2E40}.Release|Any CPU.ActiveCfg = Release|Any CPU
		{25B4A4EA-C22D-445C-B39A-D44CA11A2E40}.Release|Any CPU.Build.0 = Release|Any CPU
		{C5A41C37-6746-4874-8CA2-30C5E49DFB8D}.Debug|Any CPU.ActiveCfg = Debug|Any CPU
		{C5A41C37-6746-4874-8CA2-30C5E49DFB8D}.Debug|Any CPU.Build.0 = Debug|Any CPU
		{C5A41C37-6746-4874-8CA2-30C5E49DFB8D}.Release|Any CPU.ActiveCfg = Release|Any CPU
		{C5A41C37-6746-4874-8CA2-30C5E49DFB8D}.Release|Any CPU.Build.0 = Release|Any CPU
		{1835342B-6777-4AD3-A673-092BA3528D00}.Debug|Any CPU.ActiveCfg = Debug|Any CPU
		{1835342B-6777-4AD3-A673-092BA3528D00}.Debug|Any CPU.Build.0 = Debug|Any CPU
		{1835342B-6777-4AD3-A673-092BA3528D00}.Release|Any CPU.ActiveCfg = Release|Any CPU
		{1835342B-6777-4AD3-A673-092BA3528D00}.Release|Any CPU.Build.0 = Release|Any CPU
		{7AB2B35A-4437-455B-8E58-2F359343E636}.Debug|Any CPU.ActiveCfg = Debug|Any CPU
		{7AB2B35A-4437-455B-8E58-2F359343E636}.Debug|Any CPU.Build.0 = Debug|Any CPU
		{7AB2B35A-4437-455B-8E58-2F359343E636}.Release|Any CPU.ActiveCfg = Release|Any CPU
		{7AB2B35A-4437-455B-8E58-2F359343E636}.Release|Any CPU.Build.0 = Release|Any CPU
		{692DDBF8-6CB4-4C72-9090-C130ACB3D14F}.Debug|Any CPU.ActiveCfg = Debug|Any CPU
		{692DDBF8-6CB4-4C72-9090-C130ACB3D14F}.Debug|Any CPU.Build.0 = Debug|Any CPU
		{692DDBF8-6CB4-4C72-9090-C130ACB3D14F}.Release|Any CPU.ActiveCfg = Release|Any CPU
		{692DDBF8-6CB4-4C72-9090-C130ACB3D14F}.Release|Any CPU.Build.0 = Release|Any CPU
	EndGlobalSection
	GlobalSection(SolutionProperties) = preSolution
		HideSolutionNode = FALSE
	EndGlobalSection
	GlobalSection(ExtensibilityGlobals) = postSolution
		SolutionGuid = {4321DCF6-1BDE-4C7B-80F9-E70E6650C326}
	EndGlobalSection
EndGlobal
